// !$*UTF8*$!
{
	archiveVersion = 1;
	classes = {
	};
	objectVersion = 77;
	objects = {

/* Begin PBXBuildFile section */
		6C546EED2D412FFB00F9D864 /* ComposableArchitecture in Frameworks */ = {isa = PBXBuildFile; productRef = 6C546EEC2D412FFB00F9D864 /* ComposableArchitecture */; };
		6C546EF02D41302C00F9D864 /* NetworkKit in Frameworks */ = {isa = PBXBuildFile; productRef = 6C546EEF2D41302C00F9D864 /* NetworkKit */; };
		6C5474072D4133DC00F9D864 /* Debug.xcconfig in Resources */ = {isa = PBXBuildFile; fileRef = 6C5474062D4133DC00F9D864 /* Debug.xcconfig */; };
		6C5477242D41451900F9D864 /* NetworkKit in Frameworks */ = {isa = PBXBuildFile; productRef = 6C5477232D41451900F9D864 /* NetworkKit */; };
/* End PBXBuildFile section */

/* Begin PBXContainerItemProxy section */
		6C546ECF2D412F4700F9D864 /* PBXContainerItemProxy */ = {
			isa = PBXContainerItemProxy;
			containerPortal = 6C546EB62D412F4500F9D864 /* Project object */;
			proxyType = 1;
			remoteGlobalIDString = 6C546EBD2D412F4500F9D864;
			remoteInfo = Jambo;
		};
		6C546ED92D412F4700F9D864 /* PBXContainerItemProxy */ = {
			isa = PBXContainerItemProxy;
			containerPortal = 6C546EB62D412F4500F9D864 /* Project object */;
			proxyType = 1;
			remoteGlobalIDString = 6C546EBD2D412F4500F9D864;
			remoteInfo = Jambo;
		};
/* End PBXContainerItemProxy section */

/* Begin PBXFileReference section */
		6C546EBE2D412F4500F9D864 /* Jambo.app */ = {isa = PBXFileReference; explicitFileType = wrapper.application; includeInIndex = 0; path = Jambo.app; sourceTree = BUILT_PRODUCTS_DIR; };
		6C546ECE2D412F4700F9D864 /* JamboTests.xctest */ = {isa = PBXFileReference; explicitFileType = wrapper.cfbundle; includeInIndex = 0; path = JamboTests.xctest; sourceTree = BUILT_PRODUCTS_DIR; };
		6C546ED82D412F4700F9D864 /* JamboUITests.xctest */ = {isa = PBXFileReference; explicitFileType = wrapper.cfbundle; includeInIndex = 0; path = JamboUITests.xctest; sourceTree = BUILT_PRODUCTS_DIR; };
		6C5474062D4133DC00F9D864 /* Debug.xcconfig */ = {isa = PBXFileReference; lastKnownFileType = text.xcconfig; path = Debug.xcconfig; sourceTree = "<group>"; };
/* End PBXFileReference section */

/* Begin PBXFileSystemSynchronizedBuildFileExceptionSet section */
		6C5474092D41341400F9D864 /* Exceptions for "Jambo" folder in "Jambo" target */ = {
			isa = PBXFileSystemSynchronizedBuildFileExceptionSet;
			membershipExceptions = (
				Info.plist,
			);
			target = 6C546EBD2D412F4500F9D864 /* Jambo */;
		};
/* End PBXFileSystemSynchronizedBuildFileExceptionSet section */

/* Begin PBXFileSystemSynchronizedRootGroup section */
		6C546EC02D412F4500F9D864 /* Jambo */ = {
			isa = PBXFileSystemSynchronizedRootGroup;
			exceptions = (
				6C5474092D41341400F9D864 /* Exceptions for "Jambo" folder in "Jambo" target */,
			);
			path = Jambo;
			sourceTree = "<group>";
		};
		6C546ED12D412F4700F9D864 /* JamboTests */ = {
			isa = PBXFileSystemSynchronizedRootGroup;
			path = JamboTests;
			sourceTree = "<group>";
		};
		6C546EDB2D412F4700F9D864 /* JamboUITests */ = {
			isa = PBXFileSystemSynchronizedRootGroup;
			path = JamboUITests;
			sourceTree = "<group>";
		};
/* End PBXFileSystemSynchronizedRootGroup section */

/* Begin PBXFrameworksBuildPhase section */
		6C546EBB2D412F4500F9D864 /* Frameworks */ = {
			isa = PBXFrameworksBuildPhase;
			buildActionMask = 2147483647;
			files = (
				6C5477242D41451900F9D864 /* NetworkKit in Frameworks */,
				6C546EF02D41302C00F9D864 /* NetworkKit in Frameworks */,
				6C546EED2D412FFB00F9D864 /* ComposableArchitecture in Frameworks */,
			);
			runOnlyForDeploymentPostprocessing = 0;
		};
		6C546ECB2D412F4700F9D864 /* Frameworks */ = {
			isa = PBXFrameworksBuildPhase;
			buildActionMask = 2147483647;
			files = (
			);
			runOnlyForDeploymentPostprocessing = 0;
		};
		6C546ED52D412F4700F9D864 /* Frameworks */ = {
			isa = PBXFrameworksBuildPhase;
			buildActionMask = 2147483647;
			files = (
			);
			runOnlyForDeploymentPostprocessing = 0;
		};
/* End PBXFrameworksBuildPhase section */

/* Begin PBXGroup section */
		6C546EB52D412F4500F9D864 = {
			isa = PBXGroup;
			children = (
				6C546EC02D412F4500F9D864 /* Jambo */,
				6C546ED12D412F4700F9D864 /* JamboTests */,
				6C546EDB2D412F4700F9D864 /* JamboUITests */,
				6C546EBF2D412F4500F9D864 /* Products */,
				6C5474062D4133DC00F9D864 /* Debug.xcconfig */,
			);
			sourceTree = "<group>";
		};
		6C546EBF2D412F4500F9D864 /* Products */ = {
			isa = PBXGroup;
			children = (
				6C546EBE2D412F4500F9D864 /* Jambo.app */,
				6C546ECE2D412F4700F9D864 /* JamboTests.xctest */,
				6C546ED82D412F4700F9D864 /* JamboUITests.xctest */,
			);
			name = Products;
			sourceTree = "<group>";
		};
/* End PBXGroup section */

/* Begin PBXNativeTarget section */
		6C546EBD2D412F4500F9D864 /* Jambo */ = {
			isa = PBXNativeTarget;
			buildConfigurationList = 6C546EE22D412F4700F9D864 /* Build configuration list for PBXNativeTarget "Jambo" */;
			buildPhases = (
				6C546EBA2D412F4500F9D864 /* Sources */,
				6C546EBB2D412F4500F9D864 /* Frameworks */,
				6C546EBC2D412F4500F9D864 /* Resources */,
			);
			buildRules = (
			);
			dependencies = (
			);
			fileSystemSynchronizedGroups = (
				6C546EC02D412F4500F9D864 /* Jambo */,
			);
			name = Jambo;
			packageProductDependencies = (
				6C546EEC2D412FFB00F9D864 /* ComposableArchitecture */,
				6C546EEF2D41302C00F9D864 /* NetworkKit */,
				6C5477232D41451900F9D864 /* NetworkKit */,
			);
			productName = Jambo;
			productReference = 6C546EBE2D412F4500F9D864 /* Jambo.app */;
			productType = "com.apple.product-type.application";
		};
		6C546ECD2D412F4700F9D864 /* JamboTests */ = {
			isa = PBXNativeTarget;
			buildConfigurationList = 6C546EE52D412F4700F9D864 /* Build configuration list for PBXNativeTarget "JamboTests" */;
			buildPhases = (
				6C546ECA2D412F4700F9D864 /* Sources */,
				6C546ECB2D412F4700F9D864 /* Frameworks */,
				6C546ECC2D412F4700F9D864 /* Resources */,
			);
			buildRules = (
			);
			dependencies = (
				6C546ED02D412F4700F9D864 /* PBXTargetDependency */,
			);
			fileSystemSynchronizedGroups = (
				6C546ED12D412F4700F9D864 /* JamboTests */,
			);
			name = JamboTests;
			packageProductDependencies = (
			);
			productName = JamboTests;
			productReference = 6C546ECE2D412F4700F9D864 /* JamboTests.xctest */;
			productType = "com.apple.product-type.bundle.unit-test";
		};
		6C546ED72D412F4700F9D864 /* JamboUITests */ = {
			isa = PBXNativeTarget;
			buildConfigurationList = 6C546EE82D412F4700F9D864 /* Build configuration list for PBXNativeTarget "JamboUITests" */;
			buildPhases = (
				6C546ED42D412F4700F9D864 /* Sources */,
				6C546ED52D412F4700F9D864 /* Frameworks */,
				6C546ED62D412F4700F9D864 /* Resources */,
			);
			buildRules = (
			);
			dependencies = (
				6C546EDA2D412F4700F9D864 /* PBXTargetDependency */,
			);
			fileSystemSynchronizedGroups = (
				6C546EDB2D412F4700F9D864 /* JamboUITests */,
			);
			name = JamboUITests;
			packageProductDependencies = (
			);
			productName = JamboUITests;
			productReference = 6C546ED82D412F4700F9D864 /* JamboUITests.xctest */;
			productType = "com.apple.product-type.bundle.ui-testing";
		};
/* End PBXNativeTarget section */

/* Begin PBXProject section */
		6C546EB62D412F4500F9D864 /* Project object */ = {
			isa = PBXProject;
			attributes = {
				BuildIndependentTargetsInParallel = 1;
				LastSwiftUpdateCheck = 1620;
				LastUpgradeCheck = 1620;
				TargetAttributes = {
					6C546EBD2D412F4500F9D864 = {
						CreatedOnToolsVersion = 16.2;
					};
					6C546ECD2D412F4700F9D864 = {
						CreatedOnToolsVersion = 16.2;
						TestTargetID = 6C546EBD2D412F4500F9D864;
					};
					6C546ED72D412F4700F9D864 = {
						CreatedOnToolsVersion = 16.2;
						TestTargetID = 6C546EBD2D412F4500F9D864;
					};
				};
			};
			buildConfigurationList = 6C546EB92D412F4500F9D864 /* Build configuration list for PBXProject "Jambo" */;
			developmentRegion = en;
			hasScannedForEncodings = 0;
			knownRegions = (
				en,
				Base,
			);
			mainGroup = 6C546EB52D412F4500F9D864;
			minimizedProjectReferenceProxies = 1;
			packageReferences = (
				6C546EEB2D412FFB00F9D864 /* XCRemoteSwiftPackageReference "swift-composable-architecture" */,
				6C5477222D41451900F9D864 /* XCLocalSwiftPackageReference "../Network" */,
			);
			preferredProjectObjectVersion = 77;
			productRefGroup = 6C546EBF2D412F4500F9D864 /* Products */;
			projectDirPath = "";
			projectRoot = "";
			targets = (
				6C546EBD2D412F4500F9D864 /* Jambo */,
				6C546ECD2D412F4700F9D864 /* JamboTests */,
				6C546ED72D412F4700F9D864 /* JamboUITests */,
			);
		};
/* End PBXProject section */

/* Begin PBXResourcesBuildPhase section */
		6C546EBC2D412F4500F9D864 /* Resources */ = {
			isa = PBXResourcesBuildPhase;
			buildActionMask = 2147483647;
			files = (
				6C5474072D4133DC00F9D864 /* Debug.xcconfig in Resources */,
			);
			runOnlyForDeploymentPostprocessing = 0;
		};
		6C546ECC2D412F4700F9D864 /* Resources */ = {
			isa = PBXResourcesBuildPhase;
			buildActionMask = 2147483647;
			files = (
			);
			runOnlyForDeploymentPostprocessing = 0;
		};
		6C546ED62D412F4700F9D864 /* Resources */ = {
			isa = PBXResourcesBuildPhase;
			buildActionMask = 2147483647;
			files = (
			);
			runOnlyForDeploymentPostprocessing = 0;
		};
/* End PBXResourcesBuildPhase section */

/* Begin PBXSourcesBuildPhase section */
		6C546EBA2D412F4500F9D864 /* Sources */ = {
			isa = PBXSourcesBuildPhase;
			buildActionMask = 2147483647;
			files = (
			);
			runOnlyForDeploymentPostprocessing = 0;
		};
		6C546ECA2D412F4700F9D864 /* Sources */ = {
			isa = PBXSourcesBuildPhase;
			buildActionMask = 2147483647;
			files = (
			);
			runOnlyForDeploymentPostprocessing = 0;
		};
		6C546ED42D412F4700F9D864 /* Sources */ = {
			isa = PBXSourcesBuildPhase;
			buildActionMask = 2147483647;
			files = (
			);
			runOnlyForDeploymentPostprocessing = 0;
		};
/* End PBXSourcesBuildPhase section */

/* Begin PBXTargetDependency section */
		6C546ED02D412F4700F9D864 /* PBXTargetDependency */ = {
			isa = PBXTargetDependency;
			target = 6C546EBD2D412F4500F9D864 /* Jambo */;
			targetProxy = 6C546ECF2D412F4700F9D864 /* PBXContainerItemProxy */;
		};
		6C546EDA2D412F4700F9D864 /* PBXTargetDependency */ = {
			isa = PBXTargetDependency;
			target = 6C546EBD2D412F4500F9D864 /* Jambo */;
			targetProxy = 6C546ED92D412F4700F9D864 /* PBXContainerItemProxy */;
		};
/* End PBXTargetDependency section */

/* Begin XCBuildConfiguration section */
		6C546EE02D412F4700F9D864 /* Debug */ = {
			isa = XCBuildConfiguration;
			baseConfigurationReference = 6C5474062D4133DC00F9D864 /* Debug.xcconfig */;
			buildSettings = {
				ALWAYS_SEARCH_USER_PATHS = NO;
				ASSETCATALOG_COMPILER_GENERATE_SWIFT_ASSET_SYMBOL_EXTENSIONS = YES;
				CLANG_ANALYZER_NONNULL = YES;
				CLANG_ANALYZER_NUMBER_OBJECT_CONVERSION = YES_AGGRESSIVE;
				CLANG_CXX_LANGUAGE_STANDARD = "gnu++20";
				CLANG_ENABLE_MODULES = YES;
				CLANG_ENABLE_OBJC_ARC = YES;
				CLANG_ENABLE_OBJC_WEAK = YES;
				CLANG_WARN_BLOCK_CAPTURE_AUTORELEASING = YES;
				CLANG_WARN_BOOL_CONVERSION = YES;
				CLANG_WARN_COMMA = YES;
				CLANG_WARN_CONSTANT_CONVERSION = YES;
				CLANG_WARN_DEPRECATED_OBJC_IMPLEMENTATIONS = YES;
				CLANG_WARN_DIRECT_OBJC_ISA_USAGE = YES_ERROR;
				CLANG_WARN_DOCUMENTATION_COMMENTS = YES;
				CLANG_WARN_EMPTY_BODY = YES;
				CLANG_WARN_ENUM_CONVERSION = YES;
				CLANG_WARN_INFINITE_RECURSION = YES;
				CLANG_WARN_INT_CONVERSION = YES;
				CLANG_WARN_NON_LITERAL_NULL_CONVERSION = YES;
				CLANG_WARN_OBJC_IMPLICIT_RETAIN_SELF = YES;
				CLANG_WARN_OBJC_LITERAL_CONVERSION = YES;
				CLANG_WARN_OBJC_ROOT_CLASS = YES_ERROR;
				CLANG_WARN_QUOTED_INCLUDE_IN_FRAMEWORK_HEADER = YES;
				CLANG_WARN_RANGE_LOOP_ANALYSIS = YES;
				CLANG_WARN_STRICT_PROTOTYPES = YES;
				CLANG_WARN_SUSPICIOUS_MOVE = YES;
				CLANG_WARN_UNGUARDED_AVAILABILITY = YES_AGGRESSIVE;
				CLANG_WARN_UNREACHABLE_CODE = YES;
				CLANG_WARN__DUPLICATE_METHOD_MATCH = YES;
				COPY_PHASE_STRIP = NO;
				DEBUG_INFORMATION_FORMAT = dwarf;
				ENABLE_STRICT_OBJC_MSGSEND = YES;
				ENABLE_TESTABILITY = YES;
				ENABLE_USER_SCRIPT_SANDBOXING = YES;
				GCC_C_LANGUAGE_STANDARD = gnu17;
				GCC_DYNAMIC_NO_PIC = NO;
				GCC_NO_COMMON_BLOCKS = YES;
				GCC_OPTIMIZATION_LEVEL = 0;
				GCC_PREPROCESSOR_DEFINITIONS = (
					"DEBUG=1",
					"$(inherited)",
				);
				GCC_WARN_64_TO_32_BIT_CONVERSION = YES;
				GCC_WARN_ABOUT_RETURN_TYPE = YES_ERROR;
				GCC_WARN_UNDECLARED_SELECTOR = YES;
				GCC_WARN_UNINITIALIZED_AUTOS = YES_AGGRESSIVE;
				GCC_WARN_UNUSED_FUNCTION = YES;
				GCC_WARN_UNUSED_VARIABLE = YES;
				IPHONEOS_DEPLOYMENT_TARGET = 18.2;
				LOCALIZATION_PREFERS_STRING_CATALOGS = YES;
				MTL_ENABLE_DEBUG_INFO = INCLUDE_SOURCE;
				MTL_FAST_MATH = YES;
				ONLY_ACTIVE_ARCH = YES;
				SDKROOT = iphoneos;
				SWIFT_ACTIVE_COMPILATION_CONDITIONS = "DEBUG $(inherited)";
				SWIFT_OPTIMIZATION_LEVEL = "-Onone";
			};
			name = Debug;
		};
		6C546EE12D412F4700F9D864 /* Release */ = {
			isa = XCBuildConfiguration;
			buildSettings = {
				ALWAYS_SEARCH_USER_PATHS = NO;
				ASSETCATALOG_COMPILER_GENERATE_SWIFT_ASSET_SYMBOL_EXTENSIONS = YES;
				CLANG_ANALYZER_NONNULL = YES;
				CLANG_ANALYZER_NUMBER_OBJECT_CONVERSION = YES_AGGRESSIVE;
				CLANG_CXX_LANGUAGE_STANDARD = "gnu++20";
				CLANG_ENABLE_MODULES = YES;
				CLANG_ENABLE_OBJC_ARC = YES;
				CLANG_ENABLE_OBJC_WEAK = YES;
				CLANG_WARN_BLOCK_CAPTURE_AUTORELEASING = YES;
				CLANG_WARN_BOOL_CONVERSION = YES;
				CLANG_WARN_COMMA = YES;
				CLANG_WARN_CONSTANT_CONVERSION = YES;
				CLANG_WARN_DEPRECATED_OBJC_IMPLEMENTATIONS = YES;
				CLANG_WARN_DIRECT_OBJC_ISA_USAGE = YES_ERROR;
				CLANG_WARN_DOCUMENTATION_COMMENTS = YES;
				CLANG_WARN_EMPTY_BODY = YES;
				CLANG_WARN_ENUM_CONVERSION = YES;
				CLANG_WARN_INFINITE_RECURSION = YES;
				CLANG_WARN_INT_CONVERSION = YES;
				CLANG_WARN_NON_LITERAL_NULL_CONVERSION = YES;
				CLANG_WARN_OBJC_IMPLICIT_RETAIN_SELF = YES;
				CLANG_WARN_OBJC_LITERAL_CONVERSION = YES;
				CLANG_WARN_OBJC_ROOT_CLASS = YES_ERROR;
				CLANG_WARN_QUOTED_INCLUDE_IN_FRAMEWORK_HEADER = YES;
				CLANG_WARN_RANGE_LOOP_ANALYSIS = YES;
				CLANG_WARN_STRICT_PROTOTYPES = YES;
				CLANG_WARN_SUSPICIOUS_MOVE = YES;
				CLANG_WARN_UNGUARDED_AVAILABILITY = YES_AGGRESSIVE;
				CLANG_WARN_UNREACHABLE_CODE = YES;
				CLANG_WARN__DUPLICATE_METHOD_MATCH = YES;
				COPY_PHASE_STRIP = NO;
				DEBUG_INFORMATION_FORMAT = "dwarf-with-dsym";
				ENABLE_NS_ASSERTIONS = NO;
				ENABLE_STRICT_OBJC_MSGSEND = YES;
				ENABLE_USER_SCRIPT_SANDBOXING = YES;
				GCC_C_LANGUAGE_STANDARD = gnu17;
				GCC_NO_COMMON_BLOCKS = YES;
				GCC_WARN_64_TO_32_BIT_CONVERSION = YES;
				GCC_WARN_ABOUT_RETURN_TYPE = YES_ERROR;
				GCC_WARN_UNDECLARED_SELECTOR = YES;
				GCC_WARN_UNINITIALIZED_AUTOS = YES_AGGRESSIVE;
				GCC_WARN_UNUSED_FUNCTION = YES;
				GCC_WARN_UNUSED_VARIABLE = YES;
				IPHONEOS_DEPLOYMENT_TARGET = 18.2;
				LOCALIZATION_PREFERS_STRING_CATALOGS = YES;
				MTL_ENABLE_DEBUG_INFO = NO;
				MTL_FAST_MATH = YES;
				SDKROOT = iphoneos;
				SWIFT_COMPILATION_MODE = wholemodule;
				VALIDATE_PRODUCT = YES;
			};
			name = Release;
		};
		6C546EE32D412F4700F9D864 /* Debug */ = {
			isa = XCBuildConfiguration;
			baseConfigurationReference = 6C5474062D4133DC00F9D864 /* Debug.xcconfig */;
			buildSettings = {
				ASSETCATALOG_COMPILER_APPICON_NAME = AppIcon;
				ASSETCATALOG_COMPILER_GLOBAL_ACCENT_COLOR_NAME = AccentColor;
				CODE_SIGN_STYLE = Automatic;
				CURRENT_PROJECT_VERSION = 1;
				DEVELOPMENT_ASSET_PATHS = "\"Jambo/Preview Content\"";
				DEVELOPMENT_TEAM = L56LNTR7PZ;
				ENABLE_PREVIEWS = YES;
				GENERATE_INFOPLIST_FILE = YES;
				INFOPLIST_FILE = Jambo/Info.plist;
				INFOPLIST_KEY_CFBundleDisplayName = Jambo;
				INFOPLIST_KEY_LSApplicationCategoryType = "public.app-category.social-networking";
				INFOPLIST_KEY_UIApplicationSceneManifest_Generation = YES;
				INFOPLIST_KEY_UIApplicationSupportsIndirectInputEvents = YES;
				INFOPLIST_KEY_UILaunchScreen_Generation = YES;
				INFOPLIST_KEY_UISupportedInterfaceOrientations = UIInterfaceOrientationPortrait;
				INFOPLIST_KEY_UISupportedInterfaceOrientations_iPad = "UIInterfaceOrientationLandscapeLeft UIInterfaceOrientationLandscapeRight UIInterfaceOrientationPortrait UIInterfaceOrientationPortraitUpsideDown";
				IPHONEOS_DEPLOYMENT_TARGET = 17.1;
				LD_RUNPATH_SEARCH_PATHS = (
					"$(inherited)",
					"@executable_path/Frameworks",
				);
				MARKETING_VERSION = 1.0;
				PRODUCT_BUNDLE_IDENTIFIER = com.jambo.Jambo;
				PRODUCT_NAME = "$(TARGET_NAME)";
				SWIFT_EMIT_LOC_STRINGS = YES;
				SWIFT_VERSION = 5.0;
				TARGETED_DEVICE_FAMILY = "1,2";
			};
			name = Debug;
		};
		6C546EE42D412F4700F9D864 /* Release */ = {
			isa = XCBuildConfiguration;
			buildSettings = {
				ASSETCATALOG_COMPILER_APPICON_NAME = AppIcon;
				ASSETCATALOG_COMPILER_GLOBAL_ACCENT_COLOR_NAME = AccentColor;
				CODE_SIGN_STYLE = Automatic;
				CURRENT_PROJECT_VERSION = 1;
				DEVELOPMENT_ASSET_PATHS = "\"Jambo/Preview Content\"";
				DEVELOPMENT_TEAM = L56LNTR7PZ;
				ENABLE_PREVIEWS = YES;
				GENERATE_INFOPLIST_FILE = YES;
				INFOPLIST_FILE = Jambo/Info.plist;
				INFOPLIST_KEY_CFBundleDisplayName = Jambo;
				INFOPLIST_KEY_LSApplicationCategoryType = "public.app-category.social-networking";
				INFOPLIST_KEY_UIApplicationSceneManifest_Generation = YES;
				INFOPLIST_KEY_UIApplicationSupportsIndirectInputEvents = YES;
				INFOPLIST_KEY_UILaunchScreen_Generation = YES;
				INFOPLIST_KEY_UISupportedInterfaceOrientations = UIInterfaceOrientationPortrait;
				INFOPLIST_KEY_UISupportedInterfaceOrientations_iPad = "UIInterfaceOrientationLandscapeLeft UIInterfaceOrientationLandscapeRight UIInterfaceOrientationPortrait UIInterfaceOrientationPortraitUpsideDown";
				IPHONEOS_DEPLOYMENT_TARGET = 17.1;
				LD_RUNPATH_SEARCH_PATHS = (
					"$(inherited)",
					"@executable_path/Frameworks",
				);
				MARKETING_VERSION = 1.0;
				PRODUCT_BUNDLE_IDENTIFIER = com.jambo.Jambo;
				PRODUCT_NAME = "$(TARGET_NAME)";
				SWIFT_EMIT_LOC_STRINGS = YES;
				SWIFT_VERSION = 5.0;
				TARGETED_DEVICE_FAMILY = "1,2";
			};
			name = Release;
		};
		6C546EE62D412F4700F9D864 /* Debug */ = {
			isa = XCBuildConfiguration;
			baseConfigurationReference = 6C5474062D4133DC00F9D864 /* Debug.xcconfig */;
			buildSettings = {
				BUNDLE_LOADER = "$(TEST_HOST)";
				CODE_SIGN_STYLE = Automatic;
				CURRENT_PROJECT_VERSION = 1;
				DEVELOPMENT_TEAM = L56LNTR7PZ;
				GENERATE_INFOPLIST_FILE = YES;
				IPHONEOS_DEPLOYMENT_TARGET = 18.2;
				MARKETING_VERSION = 1.0;
				PRODUCT_BUNDLE_IDENTIFIER = com.jambo.JamboTests;
				PRODUCT_NAME = "$(TARGET_NAME)";
				SWIFT_EMIT_LOC_STRINGS = NO;
				SWIFT_VERSION = 5.0;
				TARGETED_DEVICE_FAMILY = "1,2";
				TEST_HOST = "$(BUILT_PRODUCTS_DIR)/Jambo.app/$(BUNDLE_EXECUTABLE_FOLDER_PATH)/Jambo";
			};
			name = Debug;
		};
		6C546EE72D412F4700F9D864 /* Release */ = {
			isa = XCBuildConfiguration;
			buildSettings = {
				BUNDLE_LOADER = "$(TEST_HOST)";
				CODE_SIGN_STYLE = Automatic;
				CURRENT_PROJECT_VERSION = 1;
				DEVELOPMENT_TEAM = L56LNTR7PZ;
				GENERATE_INFOPLIST_FILE = YES;
				IPHONEOS_DEPLOYMENT_TARGET = 18.2;
				MARKETING_VERSION = 1.0;
				PRODUCT_BUNDLE_IDENTIFIER = com.jambo.JamboTests;
				PRODUCT_NAME = "$(TARGET_NAME)";
				SWIFT_EMIT_LOC_STRINGS = NO;
				SWIFT_VERSION = 5.0;
				TARGETED_DEVICE_FAMILY = "1,2";
				TEST_HOST = "$(BUILT_PRODUCTS_DIR)/Jambo.app/$(BUNDLE_EXECUTABLE_FOLDER_PATH)/Jambo";
			};
			name = Release;
		};
		6C546EE92D412F4700F9D864 /* Debug */ = {
			isa = XCBuildConfiguration;
			baseConfigurationReference = 6C5474062D4133DC00F9D864 /* Debug.xcconfig */;
			buildSettings = {
				CODE_SIGN_STYLE = Automatic;
				CURRENT_PROJECT_VERSION = 1;
				DEVELOPMENT_TEAM = L56LNTR7PZ;
				GENERATE_INFOPLIST_FILE = YES;
				MARKETING_VERSION = 1.0;
				PRODUCT_BUNDLE_IDENTIFIER = com.jambo.JamboUITests;
				PRODUCT_NAME = "$(TARGET_NAME)";
				SWIFT_EMIT_LOC_STRINGS = NO;
				SWIFT_VERSION = 5.0;
				TARGETED_DEVICE_FAMILY = "1,2";
				TEST_TARGET_NAME = Jambo;
			};
			name = Debug;
		};
		6C546EEA2D412F4700F9D864 /* Release */ = {
			isa = XCBuildConfiguration;
			buildSettings = {
				CODE_SIGN_STYLE = Automatic;
				CURRENT_PROJECT_VERSION = 1;
				DEVELOPMENT_TEAM = L56LNTR7PZ;
				GENERATE_INFOPLIST_FILE = YES;
				MARKETING_VERSION = 1.0;
				PRODUCT_BUNDLE_IDENTIFIER = com.jambo.JamboUITests;
				PRODUCT_NAME = "$(TARGET_NAME)";
				SWIFT_EMIT_LOC_STRINGS = NO;
				SWIFT_VERSION = 5.0;
				TARGETED_DEVICE_FAMILY = "1,2";
				TEST_TARGET_NAME = Jambo;
			};
			name = Release;
		};
/* End XCBuildConfiguration section */

/* Begin XCConfigurationList section */
		6C546EB92D412F4500F9D864 /* Build configuration list for PBXProject "Jambo" */ = {
			isa = XCConfigurationList;
			buildConfigurations = (
				6C546EE02D412F4700F9D864 /* Debug */,
				6C546EE12D412F4700F9D864 /* Release */,
			);
			defaultConfigurationIsVisible = 0;
			defaultConfigurationName = Release;
		};
		6C546EE22D412F4700F9D864 /* Build configuration list for PBXNativeTarget "Jambo" */ = {
			isa = XCConfigurationList;
			buildConfigurations = (
				6C546EE32D412F4700F9D864 /* Debug */,
				6C546EE42D412F4700F9D864 /* Release */,
			);
			defaultConfigurationIsVisible = 0;
			defaultConfigurationName = Release;
		};
		6C546EE52D412F4700F9D864 /* Build configuration list for PBXNativeTarget "JamboTests" */ = {
			isa = XCConfigurationList;
			buildConfigurations = (
				6C546EE62D412F4700F9D864 /* Debug */,
				6C546EE72D412F4700F9D864 /* Release */,
			);
			defaultConfigurationIsVisible = 0;
			defaultConfigurationName = Release;
		};
		6C546EE82D412F4700F9D864 /* Build configuration list for PBXNativeTarget "JamboUITests" */ = {
			isa = XCConfigurationList;
			buildConfigurations = (
				6C546EE92D412F4700F9D864 /* Debug */,
				6C546EEA2D412F4700F9D864 /* Release */,
			);
			defaultConfigurationIsVisible = 0;
			defaultConfigurationName = Release;
		};
/* End XCConfigurationList section */

/* Begin XCLocalSwiftPackageReference section */
		6C5477222D41451900F9D864 /* XCLocalSwiftPackageReference "../Network" */ = {
			isa = XCLocalSwiftPackageReference;
			relativePath = ../Network;
		};
/* End XCLocalSwiftPackageReference section */

/* Begin XCRemoteSwiftPackageReference section */
		6C546EEB2D412FFB00F9D864 /* XCRemoteSwiftPackageReference "swift-composable-architecture" */ = {
			isa = XCRemoteSwiftPackageReference;
			repositoryURL = "https://github.com/pointfreeco/swift-composable-architecture";
			requirement = {
				kind = upToNextMajorVersion;
				minimumVersion = 1.17.1;
			};
		};
/* End XCRemoteSwiftPackageReference section */

/* Begin XCSwiftPackageProductDependency section */
		6C546EEC2D412FFB00F9D864 /* ComposableArchitecture */ = {
			isa = XCSwiftPackageProductDependency;
			package = 6C546EEB2D412FFB00F9D864 /* XCRemoteSwiftPackageReference "swift-composable-architecture" */;
			productName = ComposableArchitecture;
		};
		6C546EEF2D41302C00F9D864 /* NetworkKit */ = {
			isa = XCSwiftPackageProductDependency;
			productName = NetworkKit;
		};
		6C5477232D41451900F9D864 /* NetworkKit */ = {
			isa = XCSwiftPackageProductDependency;
			productName = NetworkKit;
		};
/* End XCSwiftPackageProductDependency section */
	};
	rootObject = 6C546EB62D412F4500F9D864 /* Project object */;
}
